
Microsoft Visual Studio Solution File, Format Version 12.00
# Visual Studio Version 16
VisualStudioVersion = 16.0.30028.174
MinimumVisualStudioVersion = 10.0.40219.1
Project("{FAE04EC0-301F-11D3-BF4B-00C04F79EFBC}") = "The Imaginary Company", "The Imaginary Company\The Imaginary Company.csproj", "{6D975920-E84A-4D3A-A57C-5F9565B2BC81}"
EndProject
Project("{FAE04EC0-301F-11D3-BF4B-00C04F79EFBC}") = "AzureWebService", "AzureWebService\AzureWebService.csproj", "{4EF35224-9743-46D8-8841-CA9A39801629}"
EndProject
Project("{FAE04EC0-301F-11D3-BF4B-00C04F79EFBC}") = "InventoryLibrary", "InventoryLibrary\InventoryLibrary.csproj", "{C53C792A-7A01-47E8-AA1D-6B7EB7F7BC7B}"
EndProject
Global
	GlobalSection(SolutionConfigurationPlatforms) = preSolution
		Debug|Any CPU = Debug|Any CPU
		Debug|ARM = Debug|ARM
		Debug|ARM64 = Debug|ARM64
		Debug|x64 = Debug|x64
		Debug|x86 = Debug|x86
		Release|Any CPU = Release|Any CPU
		Release|ARM = Release|ARM
		Release|ARM64 = Release|ARM64
		Release|x64 = Release|x64
		Release|x86 = Release|x86
	EndGlobalSection
	GlobalSection(ProjectConfigurationPlatforms) = postSolution
		{6D975920-E84A-4D3A-A57C-5F9565B2BC81}.Debug|Any CPU.ActiveCfg = Debug|x86
		{6D975920-E84A-4D3A-A57C-5F9565B2BC81}.Debug|ARM.ActiveCfg = Debug|ARM
		{6D975920-E84A-4D3A-A57C-5F9565B2BC81}.Debug|ARM.Build.0 = Debug|ARM
		{6D975920-E84A-4D3A-A57C-5F9565B2BC81}.Debug|ARM.Deploy.0 = Debug|ARM
		{6D975920-E84A-4D3A-A57C-5F9565B2BC81}.Debug|ARM64.ActiveCfg = Debug|ARM64
		{6D975920-E84A-4D3A-A57C-5F9565B2BC81}.Debug|ARM64.Build.0 = Debug|ARM64
		{6D975920-E84A-4D3A-A57C-5F9565B2BC81}.Debug|ARM64.Deploy.0 = Debug|ARM64
		{6D975920-E84A-4D3A-A57C-5F9565B2BC81}.Debug|x64.ActiveCfg = Debug|x64
		{6D975920-E84A-4D3A-A57C-5F9565B2BC81}.Debug|x64.Build.0 = Debug|x64
		{6D975920-E84A-4D3A-A57C-5F9565B2BC81}.Debug|x64.Deploy.0 = Debug|x64
		{6D975920-E84A-4D3A-A57C-5F9565B2BC81}.Debug|x86.ActiveCfg = Debug|x86
		{6D975920-E84A-4D3A-A57C-5F9565B2BC81}.Debug|x86.Build.0 = Debug|x86
		{6D975920-E84A-4D3A-A57C-5F9565B2BC81}.Debug|x86.Deploy.0 = Debug|x86
		{6D975920-E84A-4D3A-A57C-5F9565B2BC81}.Release|Any CPU.ActiveCfg = Release|x86
		{6D975920-E84A-4D3A-A57C-5F9565B2BC81}.Release|ARM.ActiveCfg = Release|ARM
		{6D975920-E84A-4D3A-A57C-5F9565B2BC81}.Release|ARM.Build.0 = Release|ARM
		{6D975920-E84A-4D3A-A57C-5F9565B2BC81}.Release|ARM.Deploy.0 = Release|ARM
		{6D975920-E84A-4D3A-A57C-5F9565B2BC81}.Release|ARM64.ActiveCfg = Release|ARM64
		{6D975920-E84A-4D3A-A57C-5F9565B2BC81}.Release|ARM64.Build.0 = Release|ARM64
		{6D975920-E84A-4D3A-A57C-5F9565B2BC81}.Release|ARM64.Deploy.0 = Release|ARM64
		{6D975920-E84A-4D3A-A57C-5F9565B2BC81}.Release|x64.ActiveCfg = Release|x64
		{6D975920-E84A-4D3A-A57C-5F9565B2BC81}.Release|x64.Build.0 = Release|x64
		{6D975920-E84A-4D3A-A57C-5F9565B2BC81}.Release|x64.Deploy.0 = Release|x64
		{6D975920-E84A-4D3A-A57C-5F9565B2BC81}.Release|x86.ActiveCfg = Release|x86
		{6D975920-E84A-4D3A-A57C-5F9565B2BC81}.Release|x86.Build.0 = Release|x86
		{6D975920-E84A-4D3A-A57C-5F9565B2BC81}.Release|x86.Deploy.0 = Release|x86
		{4EF35224-9743-46D8-8841-CA9A39801629}.Debug|Any CPU.ActiveCfg = Debug|Any CPU
		{4EF35224-9743-46D8-8841-CA9A39801629}.Debug|Any CPU.Build.0 = Debug|Any CPU
		{4EF35224-9743-46D8-8841-CA9A39801629}.Debug|ARM.ActiveCfg = Debug|Any CPU
		{4EF35224-9743-46D8-8841-CA9A39801629}.Debug|ARM.Build.0 = Debug|Any CPU
		{4EF35224-9743-46D8-8841-CA9A39801629}.Debug|ARM64.ActiveCfg = Debug|Any CPU
		{4EF35224-9743-46D8-8841-CA9A39801629}.Debug|ARM64.Build.0 = Debug|Any CPU
		{4EF35224-9743-46D8-8841-CA9A39801629}.Debug|x64.ActiveCfg = Debug|Any CPU
		{4EF35224-9743-46D8-8841-CA9A39801629}.Debug|x64.Build.0 = Debug|Any CPU
		{4EF35224-9743-46D8-8841-CA9A39801629}.Debug|x86.ActiveCfg = Debug|Any CPU
		{4EF35224-9743-46D8-8841-CA9A39801629}.Debug|x86.Build.0 = Debug|Any CPU
		{4EF35224-9743-46D8-8841-CA9A39801629}.Release|Any CPU.ActiveCfg = Release|Any CPU
		{4EF35224-9743-46D8-8841-CA9A39801629}.Release|Any CPU.Build.0 = Release|Any CPU
		{4EF35224-9743-46D8-8841-CA9A39801629}.Release|ARM.ActiveCfg = Release|Any CPU
		{4EF35224-9743-46D8-8841-CA9A39801629}.Release|ARM.Build.0 = Release|Any CPU
		{4EF35224-9743-46D8-8841-CA9A39801629}.Release|ARM64.ActiveCfg = Release|Any CPU
		{4EF35224-9743-46D8-8841-CA9A39801629}.Release|ARM64.Build.0 = Release|Any CPU
		{4EF35224-9743-46D8-8841-CA9A39801629}.Release|x64.ActiveCfg = Release|Any CPU
		{4EF35224-9743-46D8-8841-CA9A39801629}.Release|x64.Build.0 = Release|Any CPU
		{4EF35224-9743-46D8-8841-CA9A39801629}.Release|x86.ActiveCfg = Release|Any CPU
		{4EF35224-9743-46D8-8841-CA9A39801629}.Release|x86.Build.0 = Release|Any CPU
		{C53C792A-7A01-47E8-AA1D-6B7EB7F7BC7B}.Debug|Any CPU.ActiveCfg = Debug|Any CPU
		{C53C792A-7A01-47E8-AA1D-6B7EB7F7BC7B}.Debug|Any CPU.Build.0 = Debug|Any CPU
		{C53C792A-7A01-47E8-AA1D-6B7EB7F7BC7B}.Debug|ARM.ActiveCfg = Debug|Any CPU
		{C53C792A-7A01-47E8-AA1D-6B7EB7F7BC7B}.Debug|ARM.Build.0 = Debug|Any CPU
		{C53C792A-7A01-47E8-AA1D-6B7EB7F7BC7B}.Debug|ARM64.ActiveCfg = Debug|Any CPU
		{C53C792A-7A01-47E8-AA1D-6B7EB7F7BC7B}.Debug|ARM64.Build.0 = Debug|Any CPU
		{C53C792A-7A01-47E8-AA1D-6B7EB7F7BC7B}.Debug|x64.ActiveCfg = Debug|Any CPU
		{C53C792A-7A01-47E8-AA1D-6B7EB7F7BC7B}.Debug|x64.Build.0 = Debug|Any CPU
		{C53C792A-7A01-47E8-AA1D-6B7EB7F7BC7B}.Debug|x86.ActiveCfg = Debug|Any CPU
		{C53C792A-7A01-47E8-AA1D-6B7EB7F7BC7B}.Debug|x86.Build.0 = Debug|Any CPU
		{C53C792A-7A01-47E8-AA1D-6B7EB7F7BC7B}.Release|Any CPU.ActiveCfg = Release|Any CPU
		{C53C792A-7A01-47E8-AA1D-6B7EB7F7BC7B}.Release|Any CPU.Build.0 = Release|Any CPU
		{C53C792A-7A01-47E8-AA1D-6B7EB7F7BC7B}.Release|ARM.ActiveCfg = Release|Any CPU
		{C53C792A-7A01-47E8-AA1D-6B7EB7F7BC7B}.Release|ARM.Build.0 = Release|Any CPU
		{C53C792A-7A01-47E8-AA1D-6B7EB7F7BC7B}.Release|ARM64.ActiveCfg = Release|Any CPU
		{C53C792A-7A01-47E8-AA1D-6B7EB7F7BC7B}.Release|ARM64.Build.0 = Release|Any CPU
		{C53C792A-7A01-47E8-AA1D-6B7EB7F7BC7B}.Release|x64.ActiveCfg = Release|Any CPU
		{C53C792A-7A01-47E8-AA1D-6B7EB7F7BC7B}.Release|x64.Build.0 = Release|Any CPU
		{C53C792A-7A01-47E8-AA1D-6B7EB7F7BC7B}.Release|x86.ActiveCfg = Release|Any CPU
		{C53C792A-7A01-47E8-AA1D-6B7EB7F7BC7B}.Release|x86.Build.0 = Release|Any CPU
	EndGlobalSection
	GlobalSection(SolutionProperties) = preSolution
		HideSolutionNode = FALSE
	EndGlobalSection
	GlobalSection(ExtensibilityGlobals) = postSolution
		SolutionGuid = {31E7352E-EC65-4DBD-8D22-7AF0E3C5F7DB}
	EndGlobalSection
EndGlobal
